
Microsoft Visual Studio Solution File, Format Version 12.00
# Visual Studio Version 16
VisualStudioVersion = 16.0.31205.134
MinimumVisualStudioVersion = 10.0.40219.1
Project("{9A19103F-16F7-4668-BE54-9A1E7A4F7556}") = "torsion-bar-element-analysis", "torsion-bar-element-analysis\torsion-bar-element-analysis.csproj", "{47600900-2649-453D-B03A-66D42B424A79}"
EndProject
Global
	GlobalSection(SolutionConfigurationPlatforms) = preSolution
		Debug|Any CPU = Debug|Any CPU
		Release|Any CPU = Release|Any CPU
	EndGlobalSection
	GlobalSection(ProjectConfigurationPlatforms) = postSolution
		{47600900-2649-453D-B03A-66D42B424A79}.Debug|Any CPU.ActiveCfg = Debug|Any CPU
		{47600900-2649-453D-B03A-66D42B424A79}.Debug|Any CPU.Build.0 = Debug|Any CPU
		{47600900-2649-453D-B03A-66D42B424A79}.Release|Any CPU.ActiveCfg = Release|Any CPU
		{47600900-2649-453D-B03A-66D42B424A79}.Release|Any CPU.Build.0 = Release|Any CPU
	EndGlobalSection
	GlobalSection(SolutionProperties) = preSolution
		HideSolutionNode = FALSE
	EndGlobalSection
	GlobalSection(ExtensibilityGlobals) = postSolution
		SolutionGuid = {160AB172-5258-4EDA-B27F-74BE48126E9E}
	EndGlobalSection
EndGlobal
